
Microsoft Visual Studio Solution File, Format Version 12.00
# Visual Studio Version 17
VisualStudioVersion = 17.0.31903.59
MinimumVisualStudioVersion = 10.0.40219.1
Project("{2150E333-8FDC-42A3-9474-1A3956D46DE8}") = "src", "src", "{827E0CD3-B72D-47B6-A68D-7590B98EB39B}"
EndProject
Project("{FAE04EC0-301F-11D3-BF4B-00C04F79EFBC}") = "KSC.Observability.Abstractions", "src\KSC.Observability.Abstractions\KSC.Observability.Abstractions.csproj", "{C22B2709-6DF6-4BD8-A1A8-0FC8A5A72A13}"
EndProject
Project("{FAE04EC0-301F-11D3-BF4B-00C04F79EFBC}") = "KSC.Observability.Metrics", "src\KSC.Observability.Metrics\KSC.Observability.Metrics.csproj", "{133C1029-ECE6-4DE6-80AB-0E609505CA84}"
EndProject
Project("{FAE04EC0-301F-11D3-BF4B-00C04F79EFBC}") = "KSC.Observability.AspNet", "src\KSC.Observability.AspNet\KSC.Observability.AspNet.csproj", "{AD751E15-F802-434A-8C7F-867547C86181}"
EndProject
Project("{2150E333-8FDC-42A3-9474-1A3956D46DE8}") = "tests", "tests", "{0AB3BF05-4346-4AA6-1389-037BE0695223}"
EndProject
Project("{FAE04EC0-301F-11D3-BF4B-00C04F79EFBC}") = "KSC.Observability.Tests", "tests\KSC.Observability.Tests\KSC.Observability.Tests.csproj", "{05B47B83-ACE4-48DA-B706-73DDD34003CC}"
EndProject
Global
	GlobalSection(SolutionConfigurationPlatforms) = preSolution
		Debug|Any CPU = Debug|Any CPU
		Debug|x64 = Debug|x64
		Debug|x86 = Debug|x86
		Release|Any CPU = Release|Any CPU
		Release|x64 = Release|x64
		Release|x86 = Release|x86
	EndGlobalSection
	GlobalSection(ProjectConfigurationPlatforms) = postSolution
		{C22B2709-6DF6-4BD8-A1A8-0FC8A5A72A13}.Debug|Any CPU.ActiveCfg = Debug|Any CPU
		{C22B2709-6DF6-4BD8-A1A8-0FC8A5A72A13}.Debug|Any CPU.Build.0 = Debug|Any CPU
		{C22B2709-6DF6-4BD8-A1A8-0FC8A5A72A13}.Debug|x64.ActiveCfg = Debug|Any CPU
		{C22B2709-6DF6-4BD8-A1A8-0FC8A5A72A13}.Debug|x64.Build.0 = Debug|Any CPU
		{C22B2709-6DF6-4BD8-A1A8-0FC8A5A72A13}.Debug|x86.ActiveCfg = Debug|Any CPU
		{C22B2709-6DF6-4BD8-A1A8-0FC8A5A72A13}.Debug|x86.Build.0 = Debug|Any CPU
		{C22B2709-6DF6-4BD8-A1A8-0FC8A5A72A13}.Release|Any CPU.ActiveCfg = Release|Any CPU
		{C22B2709-6DF6-4BD8-A1A8-0FC8A5A72A13}.Release|Any CPU.Build.0 = Release|Any CPU
		{C22B2709-6DF6-4BD8-A1A8-0FC8A5A72A13}.Release|x64.ActiveCfg = Release|Any CPU
		{C22B2709-6DF6-4BD8-A1A8-0FC8A5A72A13}.Release|x64.Build.0 = Release|Any CPU
		{C22B2709-6DF6-4BD8-A1A8-0FC8A5A72A13}.Release|x86.ActiveCfg = Release|Any CPU
		{C22B2709-6DF6-4BD8-A1A8-0FC8A5A72A13}.Release|x86.Build.0 = Release|Any CPU
		{133C1029-ECE6-4DE6-80AB-0E609505CA84}.Debug|Any CPU.ActiveCfg = Debug|Any CPU
		{133C1029-ECE6-4DE6-80AB-0E609505CA84}.Debug|Any CPU.Build.0 = Debug|Any CPU
		{133C1029-ECE6-4DE6-80AB-0E609505CA84}.Debug|x64.ActiveCfg = Debug|Any CPU
		{133C1029-ECE6-4DE6-80AB-0E609505CA84}.Debug|x64.Build.0 = Debug|Any CPU
		{133C1029-ECE6-4DE6-80AB-0E609505CA84}.Debug|x86.ActiveCfg = Debug|Any CPU
		{133C1029-ECE6-4DE6-80AB-0E609505CA84}.Debug|x86.Build.0 = Debug|Any CPU
		{133C1029-ECE6-4DE6-80AB-0E609505CA84}.Release|Any CPU.ActiveCfg = Release|Any CPU
		{133C1029-ECE6-4DE6-80AB-0E609505CA84}.Release|Any CPU.Build.0 = Release|Any CPU
		{133C1029-ECE6-4DE6-80AB-0E609505CA84}.Release|x64.ActiveCfg = Release|Any CPU
		{133C1029-ECE6-4DE6-80AB-0E609505CA84}.Release|x64.Build.0 = Release|Any CPU
		{133C1029-ECE6-4DE6-80AB-0E609505CA84}.Release|x86.ActiveCfg = Release|Any CPU
		{133C1029-ECE6-4DE6-80AB-0E609505CA84}.Release|x86.Build.0 = Release|Any CPU
		{AD751E15-F802-434A-8C7F-867547C86181}.Debug|Any CPU.ActiveCfg = Debug|Any CPU
		{AD751E15-F802-434A-8C7F-867547C86181}.Debug|Any CPU.Build.0 = Debug|Any CPU
		{AD751E15-F802-434A-8C7F-867547C86181}.Debug|x64.ActiveCfg = Debug|Any CPU
		{AD751E15-F802-434A-8C7F-867547C86181}.Debug|x64.Build.0 = Debug|Any CPU
		{AD751E15-F802-434A-8C7F-867547C86181}.Debug|x86.ActiveCfg = Debug|Any CPU
		{AD751E15-F802-434A-8C7F-867547C86181}.Debug|x86.Build.0 = Debug|Any CPU
		{AD751E15-F802-434A-8C7F-867547C86181}.Release|Any CPU.ActiveCfg = Release|Any CPU
		{AD751E15-F802-434A-8C7F-867547C86181}.Release|Any CPU.Build.0 = Release|Any CPU
		{AD751E15-F802-434A-8C7F-867547C86181}.Release|x64.ActiveCfg = Release|Any CPU
		{AD751E15-F802-434A-8C7F-867547C86181}.Release|x64.Build.0 = Release|Any CPU
		{AD751E15-F802-434A-8C7F-867547C86181}.Release|x86.ActiveCfg = Release|Any CPU
		{AD751E15-F802-434A-8C7F-867547C86181}.Release|x86.Build.0 = Release|Any CPU
		{05B47B83-ACE4-48DA-B706-73DDD34003CC}.Debug|Any CPU.ActiveCfg = Debug|Any CPU
		{05B47B83-ACE4-48DA-B706-73DDD34003CC}.Debug|Any CPU.Build.0 = Debug|Any CPU
		{05B47B83-ACE4-48DA-B706-73DDD34003CC}.Debug|x64.ActiveCfg = Debug|Any CPU
		{05B47B83-ACE4-48DA-B706-73DDD34003CC}.Debug|x64.Build.0 = Debug|Any CPU
		{05B47B83-ACE4-48DA-B706-73DDD34003CC}.Debug|x86.ActiveCfg = Debug|Any CPU
		{05B47B83-ACE4-48DA-B706-73DDD34003CC}.Debug|x86.Build.0 = Debug|Any CPU
		{05B47B83-ACE4-48DA-B706-73DDD34003CC}.Release|Any CPU.ActiveCfg = Release|Any CPU
		{05B47B83-ACE4-48DA-B706-73DDD34003CC}.Release|Any CPU.Build.0 = Release|Any CPU
		{05B47B83-ACE4-48DA-B706-73DDD34003CC}.Release|x64.ActiveCfg = Release|Any CPU
		{05B47B83-ACE4-48DA-B706-73DDD34003CC}.Release|x64.Build.0 = Release|Any CPU
		{05B47B83-ACE4-48DA-B706-73DDD34003CC}.Release|x86.ActiveCfg = Release|Any CPU
		{05B47B83-ACE4-48DA-B706-73DDD34003CC}.Release|x86.Build.0 = Release|Any CPU
	EndGlobalSection
	GlobalSection(SolutionProperties) = preSolution
		HideSolutionNode = FALSE
	EndGlobalSection
	GlobalSection(NestedProjects) = preSolution
		{C22B2709-6DF6-4BD8-A1A8-0FC8A5A72A13} = {827E0CD3-B72D-47B6-A68D-7590B98EB39B}
		{133C1029-ECE6-4DE6-80AB-0E609505CA84} = {827E0CD3-B72D-47B6-A68D-7590B98EB39B}
		{AD751E15-F802-434A-8C7F-867547C86181} = {827E0CD3-B72D-47B6-A68D-7590B98EB39B}
		{05B47B83-ACE4-48DA-B706-73DDD34003CC} = {0AB3BF05-4346-4AA6-1389-037BE0695223}
	EndGlobalSection
EndGlobal
